
Microsoft Visual Studio Solution File, Format Version 12.00
# Visual Studio Version 16
VisualStudioVersion = 16.0.29728.190
MinimumVisualStudioVersion = 10.0.40219.1
Project("{9A19103F-16F7-4668-BE54-9A1E7A4F7556}") = "Dip", "Dip\Dip.csproj", "{E53DD405-E3CE-4A82-A269-03A17E3C19C7}"
EndProject
Global
	GlobalSection(SolutionConfigurationPlatforms) = preSolution
		Debug|Any CPU = Debug|Any CPU
		Release|Any CPU = Release|Any CPU
	EndGlobalSection
	GlobalSection(ProjectConfigurationPlatforms) = postSolution
		{E53DD405-E3CE-4A82-A269-03A17E3C19C7}.Debug|Any CPU.ActiveCfg = Debug|Any CPU
		{E53DD405-E3CE-4A82-A269-03A17E3C19C7}.Debug|Any CPU.Build.0 = Debug|Any CPU
		{E53DD405-E3CE-4A82-A269-03A17E3C19C7}.Release|Any CPU.ActiveCfg = Release|Any CPU
		{E53DD405-E3CE-4A82-A269-03A17E3C19C7}.Release|Any CPU.Build.0 = Release|Any CPU
	EndGlobalSection
	GlobalSection(SolutionProperties) = preSolution
		HideSolutionNode = FALSE
	EndGlobalSection
	GlobalSection(ExtensibilityGlobals) = postSolution
		SolutionGuid = {728D9534-9417-42F1-8C5D-873DF34620BE}
	EndGlobalSection
EndGlobal
